
Microsoft Visual Studio Solution File, Format Version 12.00
# Visual Studio Version 17
VisualStudioVersion = 17.1.32414.318
MinimumVisualStudioVersion = 10.0.40219.1
Project("{FAE04EC0-301F-11D3-BF4B-00C04F79EFBC}") = "Talabat", "Talabat\Talabat.csproj", "{7890613E-59EF-499A-B926-731DEB3EA7B0}"
EndProject
Project("{FAE04EC0-301F-11D3-BF4B-00C04F79EFBC}") = "Talabat.DAL", "Talabat.DAL\Talabat.DAL.csproj", "{A9A7AFA1-968B-43DA-821E-4E8A5D8535D5}"
EndProject
Project("{FAE04EC0-301F-11D3-BF4B-00C04F79EFBC}") = "Talabat.BLL", "Talabat.BLL\Talabat.BLL.csproj", "{B400E71D-BA84-4840-8A63-24EE72A70988}"
EndProject
Global
	GlobalSection(SolutionConfigurationPlatforms) = preSolution
		Debug|Any CPU = Debug|Any CPU
		Release|Any CPU = Release|Any CPU
	EndGlobalSection
	GlobalSection(ProjectConfigurationPlatforms) = postSolution
		{7890613E-59EF-499A-B926-731DEB3EA7B0}.Debug|Any CPU.ActiveCfg = Debug|Any CPU
		{7890613E-59EF-499A-B926-731DEB3EA7B0}.Debug|Any CPU.Build.0 = Debug|Any CPU
		{7890613E-59EF-499A-B926-731DEB3EA7B0}.Release|Any CPU.ActiveCfg = Release|Any CPU
		{7890613E-59EF-499A-B926-731DEB3EA7B0}.Release|Any CPU.Build.0 = Release|Any CPU
		{A9A7AFA1-968B-43DA-821E-4E8A5D8535D5}.Debug|Any CPU.ActiveCfg = Debug|Any CPU
		{A9A7AFA1-968B-43DA-821E-4E8A5D8535D5}.Debug|Any CPU.Build.0 = Debug|Any CPU
		{A9A7AFA1-968B-43DA-821E-4E8A5D8535D5}.Release|Any CPU.ActiveCfg = Release|Any CPU
		{A9A7AFA1-968B-43DA-821E-4E8A5D8535D5}.Release|Any CPU.Build.0 = Release|Any CPU
		{B400E71D-BA84-4840-8A63-24EE72A70988}.Debug|Any CPU.ActiveCfg = Debug|Any CPU
		{B400E71D-BA84-4840-8A63-24EE72A70988}.Debug|Any CPU.Build.0 = Debug|Any CPU
		{B400E71D-BA84-4840-8A63-24EE72A70988}.Release|Any CPU.ActiveCfg = Release|Any CPU
		{B400E71D-BA84-4840-8A63-24EE72A70988}.Release|Any CPU.Build.0 = Release|Any CPU
	EndGlobalSection
	GlobalSection(SolutionProperties) = preSolution
		HideSolutionNode = FALSE
	EndGlobalSection
	GlobalSection(ExtensibilityGlobals) = postSolution
		SolutionGuid = {01335E07-098D-4FCE-AA29-C7C488321E3B}
	EndGlobalSection
EndGlobal
